
Microsoft Visual Studio Solution File, Format Version 12.00
# Visual Studio 15
VisualStudioVersion = 15.0.28010.2048
MinimumVisualStudioVersion = 10.0.40219.1
Project("{FAE04EC0-301F-11D3-BF4B-00C04F79EFBC}") = "NameHelper", "NameHelper\NameHelper.csproj", "{E0009510-36B9-4EED-8596-D11994D757E3}"
EndProject
Project("{FAE04EC0-301F-11D3-BF4B-00C04F79EFBC}") = "UnitTests", "UnitTests\UnitTests.csproj", "{C53C4848-D212-4BC3-91D4-832F0F3D90C7}"
EndProject
Project("{FAE04EC0-301F-11D3-BF4B-00C04F79EFBC}") = "PrefixFormatRule", "PrefixFormatRule\PrefixFormatRule.csproj", "{DACA73B8-8770-4F6B-8C74-091BAB299C25}"
EndProject
Global
	GlobalSection(SolutionConfigurationPlatforms) = preSolution
		Debug|Any CPU = Debug|Any CPU
		Release|Any CPU = Release|Any CPU
	EndGlobalSection
	GlobalSection(ProjectConfigurationPlatforms) = postSolution
		{E0009510-36B9-4EED-8596-D11994D757E3}.Debug|Any CPU.ActiveCfg = Debug|Any CPU
		{E0009510-36B9-4EED-8596-D11994D757E3}.Debug|Any CPU.Build.0 = Debug|Any CPU
		{E0009510-36B9-4EED-8596-D11994D757E3}.Release|Any CPU.ActiveCfg = Release|Any CPU
		{E0009510-36B9-4EED-8596-D11994D757E3}.Release|Any CPU.Build.0 = Release|Any CPU
		{C53C4848-D212-4BC3-91D4-832F0F3D90C7}.Debug|Any CPU.ActiveCfg = Debug|Any CPU
		{C53C4848-D212-4BC3-91D4-832F0F3D90C7}.Debug|Any CPU.Build.0 = Debug|Any CPU
		{C53C4848-D212-4BC3-91D4-832F0F3D90C7}.Release|Any CPU.ActiveCfg = Release|Any CPU
		{C53C4848-D212-4BC3-91D4-832F0F3D90C7}.Release|Any CPU.Build.0 = Release|Any CPU
		{DACA73B8-8770-4F6B-8C74-091BAB299C25}.Debug|Any CPU.ActiveCfg = Debug|Any CPU
		{DACA73B8-8770-4F6B-8C74-091BAB299C25}.Debug|Any CPU.Build.0 = Debug|Any CPU
		{DACA73B8-8770-4F6B-8C74-091BAB299C25}.Release|Any CPU.ActiveCfg = Release|Any CPU
		{DACA73B8-8770-4F6B-8C74-091BAB299C25}.Release|Any CPU.Build.0 = Release|Any CPU
	EndGlobalSection
	GlobalSection(SolutionProperties) = preSolution
		HideSolutionNode = FALSE
	EndGlobalSection
	GlobalSection(ExtensibilityGlobals) = postSolution
		SolutionGuid = {FB820720-7172-4455-A80D-9576E8543851}
	EndGlobalSection
EndGlobal
